
Microsoft Visual Studio Solution File, Format Version 12.00
# Visual Studio 15
VisualStudioVersion = 15.0.28010.2050
MinimumVisualStudioVersion = 10.0.40219.1
Project("{FAE04EC0-301F-11D3-BF4B-00C04F79EFBC}") = "TeeScore.Android", "GolfScore\GolfScore.Android\TeeScore.Android.csproj", "{DF854B10-0F1B-489B-B247-4002C4598009}"
EndProject
Project("{FAE04EC0-301F-11D3-BF4B-00C04F79EFBC}") = "TeeScore.iOS", "GolfScore\GolfScore.iOS\TeeScore.iOS.csproj", "{C19EE32A-7931-49A5-8039-5F63266F663D}"
EndProject
Project("{FAE04EC0-301F-11D3-BF4B-00C04F79EFBC}") = "TeeScore.UWP", "GolfScore\GolfScore.UWP\TeeScore.UWP.csproj", "{7B4768B5-8330-4241-885A-BC561CA3D17E}"
EndProject
Project("{9A19103F-16F7-4668-BE54-9A1E7A4F7556}") = "TeeScore", "GolfScore\GolfScore\TeeScore.csproj", "{AB08CDF1-4857-481C-8CD2-633CB6DBFE46}"
EndProject
Global
	GlobalSection(SolutionConfigurationPlatforms) = preSolution
		Ad-Hoc|Any CPU = Ad-Hoc|Any CPU
		Ad-Hoc|ARM = Ad-Hoc|ARM
		Ad-Hoc|iPhone = Ad-Hoc|iPhone
		Ad-Hoc|iPhoneSimulator = Ad-Hoc|iPhoneSimulator
		Ad-Hoc|x64 = Ad-Hoc|x64
		Ad-Hoc|x86 = Ad-Hoc|x86
		AppStore|Any CPU = AppStore|Any CPU
		AppStore|ARM = AppStore|ARM
		AppStore|iPhone = AppStore|iPhone
		AppStore|iPhoneSimulator = AppStore|iPhoneSimulator
		AppStore|x64 = AppStore|x64
		AppStore|x86 = AppStore|x86
		Debug|Any CPU = Debug|Any CPU
		Debug|ARM = Debug|ARM
		Debug|iPhone = Debug|iPhone
		Debug|iPhoneSimulator = Debug|iPhoneSimulator
		Debug|x64 = Debug|x64
		Debug|x86 = Debug|x86
		Release|Any CPU = Release|Any CPU
		Release|ARM = Release|ARM
		Release|iPhone = Release|iPhone
		Release|iPhoneSimulator = Release|iPhoneSimulator
		Release|x64 = Release|x64
		Release|x86 = Release|x86
	EndGlobalSection
	GlobalSection(ProjectConfigurationPlatforms) = postSolution
		{DF854B10-0F1B-489B-B247-4002C4598009}.Ad-Hoc|Any CPU.ActiveCfg = Release|Any CPU
		{DF854B10-0F1B-489B-B247-4002C4598009}.Ad-Hoc|Any CPU.Build.0 = Release|Any CPU
		{DF854B10-0F1B-489B-B247-4002C4598009}.Ad-Hoc|Any CPU.Deploy.0 = Release|Any CPU
		{DF854B10-0F1B-489B-B247-4002C4598009}.Ad-Hoc|ARM.ActiveCfg = Release|Any CPU
		{DF854B10-0F1B-489B-B247-4002C4598009}.Ad-Hoc|ARM.Build.0 = Release|Any CPU
		{DF854B10-0F1B-489B-B247-4002C4598009}.Ad-Hoc|ARM.Deploy.0 = Release|Any CPU
		{DF854B10-0F1B-489B-B247-4002C4598009}.Ad-Hoc|iPhone.ActiveCfg = Release|Any CPU
		{DF854B10-0F1B-489B-B247-4002C4598009}.Ad-Hoc|iPhone.Build.0 = Release|Any CPU
		{DF854B10-0F1B-489B-B247-4002C4598009}.Ad-Hoc|iPhone.Deploy.0 = Release|Any CPU
		{DF854B10-0F1B-489B-B247-4002C4598009}.Ad-Hoc|iPhoneSimulator.ActiveCfg = Release|Any CPU
		{DF854B10-0F1B-489B-B247-4002C4598009}.Ad-Hoc|iPhoneSimulator.Build.0 = Release|Any CPU
		{DF854B10-0F1B-489B-B247-4002C4598009}.Ad-Hoc|iPhoneSimulator.Deploy.0 = Release|Any CPU
		{DF854B10-0F1B-489B-B247-4002C4598009}.Ad-Hoc|x64.ActiveCfg = Release|Any CPU
		{DF854B10-0F1B-489B-B247-4002C4598009}.Ad-Hoc|x64.Build.0 = Release|Any CPU
		{DF854B10-0F1B-489B-B247-4002C4598009}.Ad-Hoc|x64.Deploy.0 = Release|Any CPU
		{DF854B10-0F1B-489B-B247-4002C4598009}.Ad-Hoc|x86.ActiveCfg = Release|Any CPU
		{DF854B10-0F1B-489B-B247-4002C4598009}.Ad-Hoc|x86.Build.0 = Release|Any CPU
		{DF854B10-0F1B-489B-B247-4002C4598009}.Ad-Hoc|x86.Deploy.0 = Release|Any CPU
		{DF854B10-0F1B-489B-B247-4002C4598009}.AppStore|Any CPU.ActiveCfg = Release|Any CPU
		{DF854B10-0F1B-489B-B247-4002C4598009}.AppStore|Any CPU.Build.0 = Release|Any CPU
		{DF854B10-0F1B-489B-B247-4002C4598009}.AppStore|Any CPU.Deploy.0 = Release|Any CPU
		{DF854B10-0F1B-489B-B247-4002C4598009}.AppStore|ARM.ActiveCfg = Release|Any CPU
		{DF854B10-0F1B-489B-B247-4002C4598009}.AppStore|ARM.Build.0 = Release|Any CPU
		{DF854B10-0F1B-489B-B247-4002C4598009}.AppStore|ARM.Deploy.0 = Release|Any CPU
		{DF854B10-0F1B-489B-B247-4002C4598009}.AppStore|iPhone.ActiveCfg = Release|Any CPU
		{DF854B10-0F1B-489B-B247-4002C4598009}.AppStore|iPhone.Build.0 = Release|Any CPU
		{DF854B10-0F1B-489B-B247-4002C4598009}.AppStore|iPhone.Deploy.0 = Release|Any CPU
		{DF854B10-0F1B-489B-B247-4002C4598009}.AppStore|iPhoneSimulator.ActiveCfg = Release|Any CPU
		{DF854B10-0F1B-489B-B247-4002C4598009}.AppStore|iPhoneSimulator.Build.0 = Release|Any CPU
		{DF854B10-0F1B-489B-B247-4002C4598009}.AppStore|iPhoneSimulator.Deploy.0 = Release|Any CPU
		{DF854B10-0F1B-489B-B247-4002C4598009}.AppStore|x64.ActiveCfg = Release|Any CPU
		{DF854B10-0F1B-489B-B247-4002C4598009}.AppStore|x64.Build.0 = Release|Any CPU
		{DF854B10-0F1B-489B-B247-4002C4598009}.AppStore|x64.Deploy.0 = Release|Any CPU
		{DF854B10-0F1B-489B-B247-4002C4598009}.AppStore|x86.ActiveCfg = Release|Any CPU
		{DF854B10-0F1B-489B-B247-4002C4598009}.AppStore|x86.Build.0 = Release|Any CPU
		{DF854B10-0F1B-489B-B247-4002C4598009}.AppStore|x86.Deploy.0 = Release|Any CPU
		{DF854B10-0F1B-489B-B247-4002C4598009}.Debug|Any CPU.ActiveCfg = Debug|Any CPU
		{DF854B10-0F1B-489B-B247-4002C4598009}.Debug|Any CPU.Build.0 = Debug|Any CPU
		{DF854B10-0F1B-489B-B247-4002C4598009}.Debug|Any CPU.Deploy.0 = Debug|Any CPU
		{DF854B10-0F1B-489B-B247-4002C4598009}.Debug|ARM.ActiveCfg = Debug|Any CPU
		{DF854B10-0F1B-489B-B247-4002C4598009}.Debug|ARM.Build.0 = Debug|Any CPU
		{DF854B10-0F1B-489B-B247-4002C4598009}.Debug|ARM.Deploy.0 = Debug|Any CPU
		{DF854B10-0F1B-489B-B247-4002C4598009}.Debug|iPhone.ActiveCfg = Debug|Any CPU
		{DF854B10-0F1B-489B-B247-4002C4598009}.Debug|iPhone.Build.0 = Debug|Any CPU
		{DF854B10-0F1B-489B-B247-4002C4598009}.Debug|iPhone.Deploy.0 = Debug|Any CPU
		{DF854B10-0F1B-489B-B247-4002C4598009}.Debug|iPhoneSimulator.ActiveCfg = Debug|Any CPU
		{DF854B10-0F1B-489B-B247-4002C4598009}.Debug|iPhoneSimulator.Build.0 = Debug|Any CPU
		{DF854B10-0F1B-489B-B247-4002C4598009}.Debug|iPhoneSimulator.Deploy.0 = Debug|Any CPU
		{DF854B10-0F1B-489B-B247-4002C4598009}.Debug|x64.ActiveCfg = Debug|Any CPU
		{DF854B10-0F1B-489B-B247-4002C4598009}.Debug|x64.Build.0 = Debug|Any CPU
		{DF854B10-0F1B-489B-B247-4002C4598009}.Debug|x64.Deploy.0 = Debug|Any CPU
		{DF854B10-0F1B-489B-B247-4002C4598009}.Debug|x86.ActiveCfg = Debug|Any CPU
		{DF854B10-0F1B-489B-B247-4002C4598009}.Debug|x86.Build.0 = Debug|Any CPU
		{DF854B10-0F1B-489B-B247-4002C4598009}.Debug|x86.Deploy.0 = Debug|Any CPU
		{DF854B10-0F1B-489B-B247-4002C4598009}.Release|Any CPU.ActiveCfg = Release|Any CPU
		{DF854B10-0F1B-489B-B247-4002C4598009}.Release|Any CPU.Build.0 = Release|Any CPU
		{DF854B10-0F1B-489B-B247-4002C4598009}.Release|Any CPU.Deploy.0 = Release|Any CPU
		{DF854B10-0F1B-489B-B247-4002C4598009}.Release|ARM.ActiveCfg = Release|Any CPU
		{DF854B10-0F1B-489B-B247-4002C4598009}.Release|ARM.Build.0 = Release|Any CPU
		{DF854B10-0F1B-489B-B247-4002C4598009}.Release|ARM.Deploy.0 = Release|Any CPU
		{DF854B10-0F1B-489B-B247-4002C4598009}.Release|iPhone.ActiveCfg = Release|Any CPU
		{DF854B10-0F1B-489B-B247-4002C4598009}.Release|iPhone.Build.0 = Release|Any CPU
		{DF854B10-0F1B-489B-B247-4002C4598009}.Release|iPhone.Deploy.0 = Release|Any CPU
		{DF854B10-0F1B-489B-B247-4002C4598009}.Release|iPhoneSimulator.ActiveCfg = Release|Any CPU
		{DF854B10-0F1B-489B-B247-4002C4598009}.Release|iPhoneSimulator.Build.0 = Release|Any CPU
		{DF854B10-0F1B-489B-B247-4002C4598009}.Release|iPhoneSimulator.Deploy.0 = Release|Any CPU
		{DF854B10-0F1B-489B-B247-4002C4598009}.Release|x64.ActiveCfg = Release|Any CPU
		{DF854B10-0F1B-489B-B247-4002C4598009}.Release|x64.Build.0 = Release|Any CPU
		{DF854B10-0F1B-489B-B247-4002C4598009}.Release|x64.Deploy.0 = Release|Any CPU
		{DF854B10-0F1B-489B-B247-4002C4598009}.Release|x86.ActiveCfg = Release|Any CPU
		{DF854B10-0F1B-489B-B247-4002C4598009}.Release|x86.Build.0 = Release|Any CPU
		{DF854B10-0F1B-489B-B247-4002C4598009}.Release|x86.Deploy.0 = Release|Any CPU
		{C19EE32A-7931-49A5-8039-5F63266F663D}.Ad-Hoc|Any CPU.ActiveCfg = Ad-Hoc|iPhone
		{C19EE32A-7931-49A5-8039-5F63266F663D}.Ad-Hoc|Any CPU.Build.0 = Ad-Hoc|iPhone
		{C19EE32A-7931-49A5-8039-5F63266F663D}.Ad-Hoc|Any CPU.Deploy.0 = Ad-Hoc|iPhone
		{C19EE32A-7931-49A5-8039-5F63266F663D}.Ad-Hoc|ARM.ActiveCfg = Ad-Hoc|iPhone
		{C19EE32A-7931-49A5-8039-5F63266F663D}.Ad-Hoc|ARM.Build.0 = Ad-Hoc|iPhone
		{C19EE32A-7931-49A5-8039-5F63266F663D}.Ad-Hoc|ARM.Deploy.0 = Ad-Hoc|iPhone
		{C19EE32A-7931-49A5-8039-5F63266F663D}.Ad-Hoc|iPhone.ActiveCfg = Ad-Hoc|iPhone
		{C19EE32A-7931-49A5-8039-5F63266F663D}.Ad-Hoc|iPhone.Build.0 = Ad-Hoc|iPhone
		{C19EE32A-7931-49A5-8039-5F63266F663D}.Ad-Hoc|iPhone.Deploy.0 = Ad-Hoc|iPhone
		{C19EE32A-7931-49A5-8039-5F63266F663D}.Ad-Hoc|iPhoneSimulator.ActiveCfg = Ad-Hoc|iPhoneSimulator
		{C19EE32A-7931-49A5-8039-5F63266F663D}.Ad-Hoc|iPhoneSimulator.Build.0 = Ad-Hoc|iPhoneSimulator
		{C19EE32A-7931-49A5-8039-5F63266F663D}.Ad-Hoc|iPhoneSimulator.Deploy.0 = Ad-Hoc|iPhoneSimulator
		{C19EE32A-7931-49A5-8039-5F63266F663D}.Ad-Hoc|x64.ActiveCfg = Ad-Hoc|iPhone
		{C19EE32A-7931-49A5-8039-5F63266F663D}.Ad-Hoc|x64.Build.0 = Ad-Hoc|iPhone
		{C19EE32A-7931-49A5-8039-5F63266F663D}.Ad-Hoc|x64.Deploy.0 = Ad-Hoc|iPhone
		{C19EE32A-7931-49A5-8039-5F63266F663D}.Ad-Hoc|x86.ActiveCfg = Ad-Hoc|iPhone
		{C19EE32A-7931-49A5-8039-5F63266F663D}.Ad-Hoc|x86.Build.0 = Ad-Hoc|iPhone
		{C19EE32A-7931-49A5-8039-5F63266F663D}.Ad-Hoc|x86.Deploy.0 = Ad-Hoc|iPhone
		{C19EE32A-7931-49A5-8039-5F63266F663D}.AppStore|Any CPU.ActiveCfg = AppStore|iPhone
		{C19EE32A-7931-49A5-8039-5F63266F663D}.AppStore|Any CPU.Build.0 = AppStore|iPhone
		{C19EE32A-7931-49A5-8039-5F63266F663D}.AppStore|Any CPU.Deploy.0 = AppStore|iPhone
		{C19EE32A-7931-49A5-8039-5F63266F663D}.AppStore|ARM.ActiveCfg = AppStore|iPhone
		{C19EE32A-7931-49A5-8039-5F63266F663D}.AppStore|ARM.Build.0 = AppStore|iPhone
		{C19EE32A-7931-49A5-8039-5F63266F663D}.AppStore|ARM.Deploy.0 = AppStore|iPhone
		{C19EE32A-7931-49A5-8039-5F63266F663D}.AppStore|iPhone.ActiveCfg = AppStore|iPhone
		{C19EE32A-7931-49A5-8039-5F63266F663D}.AppStore|iPhone.Build.0 = AppStore|iPhone
		{C19EE32A-7931-49A5-8039-5F63266F663D}.AppStore|iPhone.Deploy.0 = AppStore|iPhone
		{C19EE32A-7931-49A5-8039-5F63266F663D}.AppStore|iPhoneSimulator.ActiveCfg = AppStore|iPhoneSimulator
		{C19EE32A-7931-49A5-8039-5F63266F663D}.AppStore|iPhoneSimulator.Build.0 = AppStore|iPhoneSimulator
		{C19EE32A-7931-49A5-8039-5F63266F663D}.AppStore|iPhoneSimulator.Deploy.0 = AppStore|iPhoneSimulator
		{C19EE32A-7931-49A5-8039-5F63266F663D}.AppStore|x64.ActiveCfg = AppStore|iPhone
		{C19EE32A-7931-49A5-8039-5F63266F663D}.AppStore|x64.Build.0 = AppStore|iPhone
		{C19EE32A-7931-49A5-8039-5F63266F663D}.AppStore|x64.Deploy.0 = AppStore|iPhone
		{C19EE32A-7931-49A5-8039-5F63266F663D}.AppStore|x86.ActiveCfg = AppStore|iPhone
		{C19EE32A-7931-49A5-8039-5F63266F663D}.AppStore|x86.Build.0 = AppStore|iPhone
		{C19EE32A-7931-49A5-8039-5F63266F663D}.AppStore|x86.Deploy.0 = AppStore|iPhone
		{C19EE32A-7931-49A5-8039-5F63266F663D}.Debug|Any CPU.ActiveCfg = Debug|iPhoneSimulator
		{C19EE32A-7931-49A5-8039-5F63266F663D}.Debug|Any CPU.Build.0 = Debug|iPhoneSimulator
		{C19EE32A-7931-49A5-8039-5F63266F663D}.Debug|Any CPU.Deploy.0 = Debug|iPhoneSimulator
		{C19EE32A-7931-49A5-8039-5F63266F663D}.Debug|ARM.ActiveCfg = Debug|iPhone
		{C19EE32A-7931-49A5-8039-5F63266F663D}.Debug|ARM.Build.0 = Debug|iPhone
		{C19EE32A-7931-49A5-8039-5F63266F663D}.Debug|ARM.Deploy.0 = Debug|iPhone
		{C19EE32A-7931-49A5-8039-5F63266F663D}.Debug|iPhone.ActiveCfg = Debug|iPhone
		{C19EE32A-7931-49A5-8039-5F63266F663D}.Debug|iPhone.Build.0 = Debug|iPhone
		{C19EE32A-7931-49A5-8039-5F63266F663D}.Debug|iPhone.Deploy.0 = Debug|iPhone
		{C19EE32A-7931-49A5-8039-5F63266F663D}.Debug|iPhoneSimulator.ActiveCfg = Debug|iPhoneSimulator
		{C19EE32A-7931-49A5-8039-5F63266F663D}.Debug|iPhoneSimulator.Build.0 = Debug|iPhoneSimulator
		{C19EE32A-7931-49A5-8039-5F63266F663D}.Debug|iPhoneSimulator.Deploy.0 = Debug|iPhoneSimulator
		{C19EE32A-7931-49A5-8039-5F63266F663D}.Debug|x64.ActiveCfg = Debug|iPhone
		{C19EE32A-7931-49A5-8039-5F63266F663D}.Debug|x64.Build.0 = Debug|iPhone
		{C19EE32A-7931-49A5-8039-5F63266F663D}.Debug|x64.Deploy.0 = Debug|iPhone
		{C19EE32A-7931-49A5-8039-5F63266F663D}.Debug|x86.ActiveCfg = Debug|iPhone
		{C19EE32A-7931-49A5-8039-5F63266F663D}.Debug|x86.Build.0 = Debug|iPhone
		{C19EE32A-7931-49A5-8039-5F63266F663D}.Debug|x86.Deploy.0 = Debug|iPhone
		{C19EE32A-7931-49A5-8039-5F63266F663D}.Release|Any CPU.ActiveCfg = Release|iPhone
		{C19EE32A-7931-49A5-8039-5F63266F663D}.Release|Any CPU.Build.0 = Release|iPhone
		{C19EE32A-7931-49A5-8039-5F63266F663D}.Release|Any CPU.Deploy.0 = Release|iPhone
		{C19EE32A-7931-49A5-8039-5F63266F663D}.Release|ARM.ActiveCfg = Release|iPhone
		{C19EE32A-7931-49A5-8039-5F63266F663D}.Release|ARM.Build.0 = Release|iPhone
		{C19EE32A-7931-49A5-8039-5F63266F663D}.Release|ARM.Deploy.0 = Release|iPhone
		{C19EE32A-7931-49A5-8039-5F63266F663D}.Release|iPhone.ActiveCfg = Release|iPhone
		{C19EE32A-7931-49A5-8039-5F63266F663D}.Release|iPhone.Build.0 = Release|iPhone
		{C19EE32A-7931-49A5-8039-5F63266F663D}.Release|iPhone.Deploy.0 = Release|iPhone
		{C19EE32A-7931-49A5-8039-5F63266F663D}.Release|iPhoneSimulator.ActiveCfg = Release|iPhoneSimulator
		{C19EE32A-7931-49A5-8039-5F63266F663D}.Release|iPhoneSimulator.Build.0 = Release|iPhoneSimulator
		{C19EE32A-7931-49A5-8039-5F63266F663D}.Release|iPhoneSimulator.Deploy.0 = Release|iPhoneSimulator
		{C19EE32A-7931-49A5-8039-5F63266F663D}.Release|x64.ActiveCfg = Release|iPhone
		{C19EE32A-7931-49A5-8039-5F63266F663D}.Release|x64.Build.0 = Release|iPhone
		{C19EE32A-7931-49A5-8039-5F63266F663D}.Release|x64.Deploy.0 = Release|iPhone
		{C19EE32A-7931-49A5-8039-5F63266F663D}.Release|x86.ActiveCfg = Release|iPhone
		{C19EE32A-7931-49A5-8039-5F63266F663D}.Release|x86.Build.0 = Release|iPhone
		{C19EE32A-7931-49A5-8039-5F63266F663D}.Release|x86.Deploy.0 = Release|iPhone
		{7B4768B5-8330-4241-885A-BC561CA3D17E}.Ad-Hoc|Any CPU.ActiveCfg = Release|x86
		{7B4768B5-8330-4241-885A-BC561CA3D17E}.Ad-Hoc|Any CPU.Build.0 = Release|x86
		{7B4768B5-8330-4241-885A-BC561CA3D17E}.Ad-Hoc|Any CPU.Deploy.0 = Release|x86
		{7B4768B5-8330-4241-885A-BC561CA3D17E}.Ad-Hoc|ARM.ActiveCfg = Release|ARM
		{7B4768B5-8330-4241-885A-BC561CA3D17E}.Ad-Hoc|ARM.Build.0 = Release|ARM
		{7B4768B5-8330-4241-885A-BC561CA3D17E}.Ad-Hoc|ARM.Deploy.0 = Release|ARM
		{7B4768B5-8330-4241-885A-BC561CA3D17E}.Ad-Hoc|iPhone.ActiveCfg = Release|x86
		{7B4768B5-8330-4241-885A-BC561CA3D17E}.Ad-Hoc|iPhone.Build.0 = Release|x86
		{7B4768B5-8330-4241-885A-BC561CA3D17E}.Ad-Hoc|iPhone.Deploy.0 = Release|x86
		{7B4768B5-8330-4241-885A-BC561CA3D17E}.Ad-Hoc|iPhoneSimulator.ActiveCfg = Release|x86
		{7B4768B5-8330-4241-885A-BC561CA3D17E}.Ad-Hoc|iPhoneSimulator.Build.0 = Release|x86
		{7B4768B5-8330-4241-885A-BC561CA3D17E}.Ad-Hoc|iPhoneSimulator.Deploy.0 = Release|x86
		{7B4768B5-8330-4241-885A-BC561CA3D17E}.Ad-Hoc|x64.ActiveCfg = Release|x64
		{7B4768B5-8330-4241-885A-BC561CA3D17E}.Ad-Hoc|x64.Build.0 = Release|x64
		{7B4768B5-8330-4241-885A-BC561CA3D17E}.Ad-Hoc|x64.Deploy.0 = Release|x64
		{7B4768B5-8330-4241-885A-BC561CA3D17E}.Ad-Hoc|x86.ActiveCfg = Release|x86
		{7B4768B5-8330-4241-885A-BC561CA3D17E}.Ad-Hoc|x86.Build.0 = Release|x86
		{7B4768B5-8330-4241-885A-BC561CA3D17E}.Ad-Hoc|x86.Deploy.0 = Release|x86
		{7B4768B5-8330-4241-885A-BC561CA3D17E}.AppStore|Any CPU.ActiveCfg = Release|x86
		{7B4768B5-8330-4241-885A-BC561CA3D17E}.AppStore|Any CPU.Build.0 = Release|x86
		{7B4768B5-8330-4241-885A-BC561CA3D17E}.AppStore|Any CPU.Deploy.0 = Release|x86
		{7B4768B5-8330-4241-885A-BC561CA3D17E}.AppStore|ARM.ActiveCfg = Release|ARM
		{7B4768B5-8330-4241-885A-BC561CA3D17E}.AppStore|ARM.Build.0 = Release|ARM
		{7B4768B5-8330-4241-885A-BC561CA3D17E}.AppStore|ARM.Deploy.0 = Release|ARM
		{7B4768B5-8330-4241-885A-BC561CA3D17E}.AppStore|iPhone.ActiveCfg = Release|x86
		{7B4768B5-8330-4241-885A-BC561CA3D17E}.AppStore|iPhone.Build.0 = Release|x86
		{7B4768B5-8330-4241-885A-BC561CA3D17E}.AppStore|iPhone.Deploy.0 = Release|x86
		{7B4768B5-8330-4241-885A-BC561CA3D17E}.AppStore|iPhoneSimulator.ActiveCfg = Release|x86
		{7B4768B5-8330-4241-885A-BC561CA3D17E}.AppStore|iPhoneSimulator.Build.0 = Release|x86
		{7B4768B5-8330-4241-885A-BC561CA3D17E}.AppStore|iPhoneSimulator.Deploy.0 = Release|x86
		{7B4768B5-8330-4241-885A-BC561CA3D17E}.AppStore|x64.ActiveCfg = Release|x64
		{7B4768B5-8330-4241-885A-BC561CA3D17E}.AppStore|x64.Build.0 = Release|x64
		{7B4768B5-8330-4241-885A-BC561CA3D17E}.AppStore|x64.Deploy.0 = Release|x64
		{7B4768B5-8330-4241-885A-BC561CA3D17E}.AppStore|x86.ActiveCfg = Release|x86
		{7B4768B5-8330-4241-885A-BC561CA3D17E}.AppStore|x86.Build.0 = Release|x86
		{7B4768B5-8330-4241-885A-BC561CA3D17E}.AppStore|x86.Deploy.0 = Release|x86
		{7B4768B5-8330-4241-885A-BC561CA3D17E}.Debug|Any CPU.ActiveCfg = Debug|x86
		{7B4768B5-8330-4241-885A-BC561CA3D17E}.Debug|Any CPU.Build.0 = Debug|x86
		{7B4768B5-8330-4241-885A-BC561CA3D17E}.Debug|Any CPU.Deploy.0 = Debug|x86
		{7B4768B5-8330-4241-885A-BC561CA3D17E}.Debug|ARM.ActiveCfg = Debug|ARM
		{7B4768B5-8330-4241-885A-BC561CA3D17E}.Debug|ARM.Build.0 = Debug|ARM
		{7B4768B5-8330-4241-885A-BC561CA3D17E}.Debug|ARM.Deploy.0 = Debug|ARM
		{7B4768B5-8330-4241-885A-BC561CA3D17E}.Debug|iPhone.ActiveCfg = Debug|x86
		{7B4768B5-8330-4241-885A-BC561CA3D17E}.Debug|iPhone.Build.0 = Debug|x86
		{7B4768B5-8330-4241-885A-BC561CA3D17E}.Debug|iPhone.Deploy.0 = Debug|x86
		{7B4768B5-8330-4241-885A-BC561CA3D17E}.Debug|iPhoneSimulator.ActiveCfg = Debug|x86
		{7B4768B5-8330-4241-885A-BC561CA3D17E}.Debug|iPhoneSimulator.Build.0 = Debug|x86
		{7B4768B5-8330-4241-885A-BC561CA3D17E}.Debug|iPhoneSimulator.Deploy.0 = Debug|x86
		{7B4768B5-8330-4241-885A-BC561CA3D17E}.Debug|x64.ActiveCfg = Debug|x64
		{7B4768B5-8330-4241-885A-BC561CA3D17E}.Debug|x64.Build.0 = Debug|x64
		{7B4768B5-8330-4241-885A-BC561CA3D17E}.Debug|x64.Deploy.0 = Debug|x64
		{7B4768B5-8330-4241-885A-BC561CA3D17E}.Debug|x86.ActiveCfg = Debug|x86
		{7B4768B5-8330-4241-885A-BC561CA3D17E}.Debug|x86.Build.0 = Debug|x86
		{7B4768B5-8330-4241-885A-BC561CA3D17E}.Debug|x86.Deploy.0 = Debug|x86
		{7B4768B5-8330-4241-885A-BC561CA3D17E}.Release|Any CPU.ActiveCfg = Release|x86
		{7B4768B5-8330-4241-885A-BC561CA3D17E}.Release|Any CPU.Build.0 = Release|x86
		{7B4768B5-8330-4241-885A-BC561CA3D17E}.Release|Any CPU.Deploy.0 = Release|x86
		{7B4768B5-8330-4241-885A-BC561CA3D17E}.Release|ARM.ActiveCfg = Release|ARM
		{7B4768B5-8330-4241-885A-BC561CA3D17E}.Release|ARM.Build.0 = Release|ARM
		{7B4768B5-8330-4241-885A-BC561CA3D17E}.Release|ARM.Deploy.0 = Release|ARM
		{7B4768B5-8330-4241-885A-BC561CA3D17E}.Release|iPhone.ActiveCfg = Release|x86
		{7B4768B5-8330-4241-885A-BC561CA3D17E}.Release|iPhone.Build.0 = Release|x86
		{7B4768B5-8330-4241-885A-BC561CA3D17E}.Release|iPhone.Deploy.0 = Release|x86
		{7B4768B5-8330-4241-885A-BC561CA3D17E}.Release|iPhoneSimulator.ActiveCfg = Release|x86
		{7B4768B5-8330-4241-885A-BC561CA3D17E}.Release|iPhoneSimulator.Build.0 = Release|x86
		{7B4768B5-8330-4241-885A-BC561CA3D17E}.Release|iPhoneSimulator.Deploy.0 = Release|x86
		{7B4768B5-8330-4241-885A-BC561CA3D17E}.Release|x64.ActiveCfg = Release|x64
		{7B4768B5-8330-4241-885A-BC561CA3D17E}.Release|x64.Build.0 = Release|x64
		{7B4768B5-8330-4241-885A-BC561CA3D17E}.Release|x64.Deploy.0 = Release|x64
		{7B4768B5-8330-4241-885A-BC561CA3D17E}.Release|x86.ActiveCfg = Release|x86
		{7B4768B5-8330-4241-885A-BC561CA3D17E}.Release|x86.Build.0 = Release|x86
		{7B4768B5-8330-4241-885A-BC561CA3D17E}.Release|x86.Deploy.0 = Release|x86
		{AB08CDF1-4857-481C-8CD2-633CB6DBFE46}.Ad-Hoc|Any CPU.ActiveCfg = Debug|Any CPU
		{AB08CDF1-4857-481C-8CD2-633CB6DBFE46}.Ad-Hoc|Any CPU.Build.0 = Debug|Any CPU
		{AB08CDF1-4857-481C-8CD2-633CB6DBFE46}.Ad-Hoc|Any CPU.Deploy.0 = Debug|Any CPU
		{AB08CDF1-4857-481C-8CD2-633CB6DBFE46}.Ad-Hoc|ARM.ActiveCfg = Debug|Any CPU
		{AB08CDF1-4857-481C-8CD2-633CB6DBFE46}.Ad-Hoc|ARM.Build.0 = Debug|Any CPU
		{AB08CDF1-4857-481C-8CD2-633CB6DBFE46}.Ad-Hoc|ARM.Deploy.0 = Debug|Any CPU
		{AB08CDF1-4857-481C-8CD2-633CB6DBFE46}.Ad-Hoc|iPhone.ActiveCfg = Debug|Any CPU
		{AB08CDF1-4857-481C-8CD2-633CB6DBFE46}.Ad-Hoc|iPhone.Build.0 = Debug|Any CPU
		{AB08CDF1-4857-481C-8CD2-633CB6DBFE46}.Ad-Hoc|iPhone.Deploy.0 = Debug|Any CPU
		{AB08CDF1-4857-481C-8CD2-633CB6DBFE46}.Ad-Hoc|iPhoneSimulator.ActiveCfg = Debug|Any CPU
		{AB08CDF1-4857-481C-8CD2-633CB6DBFE46}.Ad-Hoc|iPhoneSimulator.Build.0 = Debug|Any CPU
		{AB08CDF1-4857-481C-8CD2-633CB6DBFE46}.Ad-Hoc|iPhoneSimulator.Deploy.0 = Debug|Any CPU
		{AB08CDF1-4857-481C-8CD2-633CB6DBFE46}.Ad-Hoc|x64.ActiveCfg = Debug|Any CPU
		{AB08CDF1-4857-481C-8CD2-633CB6DBFE46}.Ad-Hoc|x64.Build.0 = Debug|Any CPU
		{AB08CDF1-4857-481C-8CD2-633CB6DBFE46}.Ad-Hoc|x64.Deploy.0 = Debug|Any CPU
		{AB08CDF1-4857-481C-8CD2-633CB6DBFE46}.Ad-Hoc|x86.ActiveCfg = Debug|Any CPU
		{AB08CDF1-4857-481C-8CD2-633CB6DBFE46}.Ad-Hoc|x86.Build.0 = Debug|Any CPU
		{AB08CDF1-4857-481C-8CD2-633CB6DBFE46}.Ad-Hoc|x86.Deploy.0 = Debug|Any CPU
		{AB08CDF1-4857-481C-8CD2-633CB6DBFE46}.AppStore|Any CPU.ActiveCfg = Debug|Any CPU
		{AB08CDF1-4857-481C-8CD2-633CB6DBFE46}.AppStore|Any CPU.Build.0 = Debug|Any CPU
		{AB08CDF1-4857-481C-8CD2-633CB6DBFE46}.AppStore|Any CPU.Deploy.0 = Debug|Any CPU
		{AB08CDF1-4857-481C-8CD2-633CB6DBFE46}.AppStore|ARM.ActiveCfg = Debug|Any CPU
		{AB08CDF1-4857-481C-8CD2-633CB6DBFE46}.AppStore|ARM.Build.0 = Debug|Any CPU
		{AB08CDF1-4857-481C-8CD2-633CB6DBFE46}.AppStore|ARM.Deploy.0 = Debug|Any CPU
		{AB08CDF1-4857-481C-8CD2-633CB6DBFE46}.AppStore|iPhone.ActiveCfg = Debug|Any CPU
		{AB08CDF1-4857-481C-8CD2-633CB6DBFE46}.AppStore|iPhone.Build.0 = Debug|Any CPU
		{AB08CDF1-4857-481C-8CD2-633CB6DBFE46}.AppStore|iPhone.Deploy.0 = Debug|Any CPU
		{AB08CDF1-4857-481C-8CD2-633CB6DBFE46}.AppStore|iPhoneSimulator.ActiveCfg = Debug|Any CPU
		{AB08CDF1-4857-481C-8CD2-633CB6DBFE46}.AppStore|iPhoneSimulator.Build.0 = Debug|Any CPU
		{AB08CDF1-4857-481C-8CD2-633CB6DBFE46}.AppStore|iPhoneSimulator.Deploy.0 = Debug|Any CPU
		{AB08CDF1-4857-481C-8CD2-633CB6DBFE46}.AppStore|x64.ActiveCfg = Debug|Any CPU
		{AB08CDF1-4857-481C-8CD2-633CB6DBFE46}.AppStore|x64.Build.0 = Debug|Any CPU
		{AB08CDF1-4857-481C-8CD2-633CB6DBFE46}.AppStore|x64.Deploy.0 = Debug|Any CPU
		{AB08CDF1-4857-481C-8CD2-633CB6DBFE46}.AppStore|x86.ActiveCfg = Debug|Any CPU
		{AB08CDF1-4857-481C-8CD2-633CB6DBFE46}.AppStore|x86.Build.0 = Debug|Any CPU
		{AB08CDF1-4857-481C-8CD2-633CB6DBFE46}.AppStore|x86.Deploy.0 = Debug|Any CPU
		{AB08CDF1-4857-481C-8CD2-633CB6DBFE46}.Debug|Any CPU.ActiveCfg = Debug|Any CPU
		{AB08CDF1-4857-481C-8CD2-633CB6DBFE46}.Debug|Any CPU.Build.0 = Debug|Any CPU
		{AB08CDF1-4857-481C-8CD2-633CB6DBFE46}.Debug|Any CPU.Deploy.0 = Debug|Any CPU
		{AB08CDF1-4857-481C-8CD2-633CB6DBFE46}.Debug|ARM.ActiveCfg = Debug|Any CPU
		{AB08CDF1-4857-481C-8CD2-633CB6DBFE46}.Debug|ARM.Build.0 = Debug|Any CPU
		{AB08CDF1-4857-481C-8CD2-633CB6DBFE46}.Debug|ARM.Deploy.0 = Debug|Any CPU
		{AB08CDF1-4857-481C-8CD2-633CB6DBFE46}.Debug|iPhone.ActiveCfg = Debug|Any CPU
		{AB08CDF1-4857-481C-8CD2-633CB6DBFE46}.Debug|iPhone.Build.0 = Debug|Any CPU
		{AB08CDF1-4857-481C-8CD2-633CB6DBFE46}.Debug|iPhone.Deploy.0 = Debug|Any CPU
		{AB08CDF1-4857-481C-8CD2-633CB6DBFE46}.Debug|iPhoneSimulator.ActiveCfg = Debug|Any CPU
		{AB08CDF1-4857-481C-8CD2-633CB6DBFE46}.Debug|iPhoneSimulator.Build.0 = Debug|Any CPU
		{AB08CDF1-4857-481C-8CD2-633CB6DBFE46}.Debug|iPhoneSimulator.Deploy.0 = Debug|Any CPU
		{AB08CDF1-4857-481C-8CD2-633CB6DBFE46}.Debug|x64.ActiveCfg = Debug|Any CPU
		{AB08CDF1-4857-481C-8CD2-633CB6DBFE46}.Debug|x64.Build.0 = Debug|Any CPU
		{AB08CDF1-4857-481C-8CD2-633CB6DBFE46}.Debug|x64.Deploy.0 = Debug|Any CPU
		{AB08CDF1-4857-481C-8CD2-633CB6DBFE46}.Debug|x86.ActiveCfg = Debug|Any CPU
		{AB08CDF1-4857-481C-8CD2-633CB6DBFE46}.Debug|x86.Build.0 = Debug|Any CPU
		{AB08CDF1-4857-481C-8CD2-633CB6DBFE46}.Debug|x86.Deploy.0 = Debug|Any CPU
		{AB08CDF1-4857-481C-8CD2-633CB6DBFE46}.Release|Any CPU.ActiveCfg = Release|Any CPU
		{AB08CDF1-4857-481C-8CD2-633CB6DBFE46}.Release|Any CPU.Build.0 = Release|Any CPU
		{AB08CDF1-4857-481C-8CD2-633CB6DBFE46}.Release|Any CPU.Deploy.0 = Release|Any CPU
		{AB08CDF1-4857-481C-8CD2-633CB6DBFE46}.Release|ARM.ActiveCfg = Release|Any CPU
		{AB08CDF1-4857-481C-8CD2-633CB6DBFE46}.Release|ARM.Build.0 = Release|Any CPU
		{AB08CDF1-4857-481C-8CD2-633CB6DBFE46}.Release|ARM.Deploy.0 = Release|Any CPU
		{AB08CDF1-4857-481C-8CD2-633CB6DBFE46}.Release|iPhone.ActiveCfg = Release|Any CPU
		{AB08CDF1-4857-481C-8CD2-633CB6DBFE46}.Release|iPhone.Build.0 = Release|Any CPU
		{AB08CDF1-4857-481C-8CD2-633CB6DBFE46}.Release|iPhone.Deploy.0 = Release|Any CPU
		{AB08CDF1-4857-481C-8CD2-633CB6DBFE46}.Release|iPhoneSimulator.ActiveCfg = Release|Any CPU
		{AB08CDF1-4857-481C-8CD2-633CB6DBFE46}.Release|iPhoneSimulator.Build.0 = Release|Any CPU
		{AB08CDF1-4857-481C-8CD2-633CB6DBFE46}.Release|iPhoneSimulator.Deploy.0 = Release|Any CPU
		{AB08CDF1-4857-481C-8CD2-633CB6DBFE46}.Release|x64.ActiveCfg = Release|Any CPU
		{AB08CDF1-4857-481C-8CD2-633CB6DBFE46}.Release|x64.Build.0 = Release|Any CPU
		{AB08CDF1-4857-481C-8CD2-633CB6DBFE46}.Release|x64.Deploy.0 = Release|Any CPU
		{AB08CDF1-4857-481C-8CD2-633CB6DBFE46}.Release|x86.ActiveCfg = Release|Any CPU
		{AB08CDF1-4857-481C-8CD2-633CB6DBFE46}.Release|x86.Build.0 = Release|Any CPU
		{AB08CDF1-4857-481C-8CD2-633CB6DBFE46}.Release|x86.Deploy.0 = Release|Any CPU
	EndGlobalSection
	GlobalSection(SolutionProperties) = preSolution
		HideSolutionNode = FALSE
	EndGlobalSection
	GlobalSection(ExtensibilityGlobals) = postSolution
		SolutionGuid = {31329C0F-1F73-4D06-8207-636D7AAD0CC4}
	EndGlobalSection
EndGlobal
